// !$*UTF8*$!
{
	archiveVersion = 1;
	classes = {
	};
	objectVersion = 46;
	objects = {

/* Begin PBXBuildFile section */
		8B13ED5515EDFBC300214236 /* SystemConfiguration.framework in Frameworks */ = {isa = PBXBuildFile; fileRef = 8B13ED5415EDFBC300214236 /* SystemConfiguration.framework */; };
		8B4FBD1615DBFB0E0051AF77 /* UIKit.framework in Frameworks */ = {isa = PBXBuildFile; fileRef = 8B4FBD1515DBFB0E0051AF77 /* UIKit.framework */; };
		8B4FBD1815DBFB0E0051AF77 /* Foundation.framework in Frameworks */ = {isa = PBXBuildFile; fileRef = 8B4FBD1715DBFB0E0051AF77 /* Foundation.framework */; };
		8B4FBD1A15DBFB0E0051AF77 /* CoreGraphics.framework in Frameworks */ = {isa = PBXBuildFile; fileRef = 8B4FBD1915DBFB0E0051AF77 /* CoreGraphics.framework */; };
		8B4FBD2015DBFB0E0051AF77 /* InfoPlist.strings in Resources */ = {isa = PBXBuildFile; fileRef = 8B4FBD1E15DBFB0E0051AF77 /* InfoPlist.strings */; };
		8B4FBD2215DBFB0E0051AF77 /* main.m in Sources */ = {isa = PBXBuildFile; fileRef = 8B4FBD2115DBFB0E0051AF77 /* main.m */; };
		8B4FBD2615DBFB0E0051AF77 /* AppDelegate.m in Sources */ = {isa = PBXBuildFile; fileRef = 8B4FBD2515DBFB0E0051AF77 /* AppDelegate.m */; };
		8B4FBD3A15DBFBDD0051AF77 /* MediaPlayer.framework in Frameworks */ = {isa = PBXBuildFile; fileRef = 8B4FBD3915DBFBDD0051AF77 /* MediaPlayer.framework */; };
		8B4FBD3B15DBFC290051AF77 /* VideoViewController.m in Sources */ = {isa = PBXBuildFile; fileRef = 8B4FBD3315DBFB1C0051AF77 /* VideoViewController.m */; };
		8B4FBD3C15DBFC2E0051AF77 /* VideoViewController.xib in Resources */ = {isa = PBXBuildFile; fileRef = 8B4FBD3415DBFB1C0051AF77 /* VideoViewController.xib */; };
		D114EF0416A1BCDC003DCDCE /* cocos2d.png in Resources */ = {isa = PBXBuildFile; fileRef = D114EF0316A1BCDC003DCDCE /* cocos2d.png */; };
		D1E3D79516C2560C00E88F2E /* libSeedr.a in Frameworks */ = {isa = PBXBuildFile; fileRef = D1E3D79316C2560C00E88F2E /* libSeedr.a */; };
		D1E3D79616C2560C00E88F2E /* SeedrResources.bundle in Resources */ = {isa = PBXBuildFile; fileRef = D1E3D79416C2560C00E88F2E /* SeedrResources.bundle */; };
		D1E4F7261647F4F100668027 /* Default-568h@2x.png in Resources */ = {isa = PBXBuildFile; fileRef = D1E4F7231647F4F100668027 /* Default-568h@2x.png */; };
		D1E4F7271647F4F100668027 /* Default.png in Resources */ = {isa = PBXBuildFile; fileRef = D1E4F7241647F4F100668027 /* Default.png */; };
		D1E4F7281647F4F100668027 /* Default@2x.png in Resources */ = {isa = PBXBuildFile; fileRef = D1E4F7251647F4F100668027 /* Default@2x.png */; };
/* End PBXBuildFile section */

/* Begin PBXFileReference section */
		8B13ED5415EDFBC300214236 /* SystemConfiguration.framework */ = {isa = PBXFileReference; lastKnownFileType = wrapper.framework; name = SystemConfiguration.framework; path = System/Library/Frameworks/SystemConfiguration.framework; sourceTree = SDKROOT; };
		8B4FBD1115DBFB0E0051AF77 /* VideoStreamingTest.app */ = {isa = PBXFileReference; explicitFileType = wrapper.application; includeInIndex = 0; path = VideoStreamingTest.app; sourceTree = BUILT_PRODUCTS_DIR; };
		8B4FBD1515DBFB0E0051AF77 /* UIKit.framework */ = {isa = PBXFileReference; lastKnownFileType = wrapper.framework; name = UIKit.framework; path = System/Library/Frameworks/UIKit.framework; sourceTree = SDKROOT; };
		8B4FBD1715DBFB0E0051AF77 /* Foundation.framework */ = {isa = PBXFileReference; lastKnownFileType = wrapper.framework; name = Foundation.framework; path = System/Library/Frameworks/Foundation.framework; sourceTree = SDKROOT; };
		8B4FBD1915DBFB0E0051AF77 /* CoreGraphics.framework */ = {isa = PBXFileReference; lastKnownFileType = wrapper.framework; name = CoreGraphics.framework; path = System/Library/Frameworks/CoreGraphics.framework; sourceTree = SDKROOT; };
		8B4FBD1D15DBFB0E0051AF77 /* VideoStreamingTest-Info.plist */ = {isa = PBXFileReference; lastKnownFileType = text.plist.xml; path = "VideoStreamingTest-Info.plist"; sourceTree = "<group>"; };
		8B4FBD1F15DBFB0E0051AF77 /* en */ = {isa = PBXFileReference; lastKnownFileType = text.plist.strings; name = en; path = en.lproj/InfoPlist.strings; sourceTree = "<group>"; };
		8B4FBD2115DBFB0E0051AF77 /* main.m */ = {isa = PBXFileReference; lastKnownFileType = sourcecode.c.objc; path = main.m; sourceTree = "<group>"; };
		8B4FBD2315DBFB0E0051AF77 /* VideoStreamingTest-Prefix.pch */ = {isa = PBXFileReference; lastKnownFileType = sourcecode.c.h; path = "VideoStreamingTest-Prefix.pch"; sourceTree = "<group>"; };
		8B4FBD2415DBFB0E0051AF77 /* AppDelegate.h */ = {isa = PBXFileReference; lastKnownFileType = sourcecode.c.h; path = AppDelegate.h; sourceTree = "<group>"; };
		8B4FBD2515DBFB0E0051AF77 /* AppDelegate.m */ = {isa = PBXFileReference; lastKnownFileType = sourcecode.c.objc; path = AppDelegate.m; sourceTree = "<group>"; };
		8B4FBD3215DBFB1C0051AF77 /* VideoViewController.h */ = {isa = PBXFileReference; lastKnownFileType = sourcecode.c.h; path = VideoViewController.h; sourceTree = "<group>"; };
		8B4FBD3315DBFB1C0051AF77 /* VideoViewController.m */ = {isa = PBXFileReference; lastKnownFileType = sourcecode.c.objc; path = VideoViewController.m; sourceTree = "<group>"; };
		8B4FBD3415DBFB1C0051AF77 /* VideoViewController.xib */ = {isa = PBXFileReference; lastKnownFileType = file.xib; path = VideoViewController.xib; sourceTree = "<group>"; };
		8B4FBD3915DBFBDD0051AF77 /* MediaPlayer.framework */ = {isa = PBXFileReference; lastKnownFileType = wrapper.framework; name = MediaPlayer.framework; path = System/Library/Frameworks/MediaPlayer.framework; sourceTree = SDKROOT; };
		D114EF0316A1BCDC003DCDCE /* cocos2d.png */ = {isa = PBXFileReference; lastKnownFileType = image.png; path = cocos2d.png; sourceTree = "<group>"; };
		D1E3D79216C2560C00E88F2E /* Seedr.h */ = {isa = PBXFileReference; fileEncoding = 4; lastKnownFileType = sourcecode.c.h; path = Seedr.h; sourceTree = "<group>"; };
		D1E3D79316C2560C00E88F2E /* libSeedr.a */ = {isa = PBXFileReference; lastKnownFileType = archive.ar; path = libSeedr.a; sourceTree = "<group>"; };
		D1E3D79416C2560C00E88F2E /* SeedrResources.bundle */ = {isa = PBXFileReference; lastKnownFileType = "wrapper.plug-in"; path = SeedrResources.bundle; sourceTree = "<group>"; };
		D1E4F7231647F4F100668027 /* Default-568h@2x.png */ = {isa = PBXFileReference; lastKnownFileType = image.png; name = "Default-568h@2x.png"; path = "../Default-568h@2x.png"; sourceTree = "<group>"; };
		D1E4F7241647F4F100668027 /* Default.png */ = {isa = PBXFileReference; lastKnownFileType = image.png; name = Default.png; path = ../Default.png; sourceTree = "<group>"; };
		D1E4F7251647F4F100668027 /* Default@2x.png */ = {isa = PBXFileReference; lastKnownFileType = image.png; name = "Default@2x.png"; path = "../Default@2x.png"; sourceTree = "<group>"; };
/* End PBXFileReference section */

/* Begin PBXFrameworksBuildPhase section */
		8B4FBD0E15DBFB0E0051AF77 /* Frameworks */ = {
			isa = PBXFrameworksBuildPhase;
			buildActionMask = 2147483647;
			files = (
				8B13ED5515EDFBC300214236 /* SystemConfiguration.framework in Frameworks */,
				8B4FBD3A15DBFBDD0051AF77 /* MediaPlayer.framework in Frameworks */,
				8B4FBD1615DBFB0E0051AF77 /* UIKit.framework in Frameworks */,
				8B4FBD1815DBFB0E0051AF77 /* Foundation.framework in Frameworks */,
				8B4FBD1A15DBFB0E0051AF77 /* CoreGraphics.framework in Frameworks */,
				D1E3D79516C2560C00E88F2E /* libSeedr.a in Frameworks */,
			);
			runOnlyForDeploymentPostprocessing = 0;
		};
/* End PBXFrameworksBuildPhase section */

/* Begin PBXGroup section */
		8B4FBD0615DBFB0E0051AF77 = {
			isa = PBXGroup;
			children = (
				D1E3D79016C255F100E88F2E /* SeedrSDK */,
				8B4FBD1B15DBFB0E0051AF77 /* VideoStreamingTest */,
				8B4FBD1415DBFB0E0051AF77 /* Frameworks */,
				8B4FBD1215DBFB0E0051AF77 /* Products */,
			);
			sourceTree = "<group>";
		};
		8B4FBD1215DBFB0E0051AF77 /* Products */ = {
			isa = PBXGroup;
			children = (
				8B4FBD1115DBFB0E0051AF77 /* VideoStreamingTest.app */,
			);
			name = Products;
			sourceTree = "<group>";
		};
		8B4FBD1415DBFB0E0051AF77 /* Frameworks */ = {
			isa = PBXGroup;
			children = (
				8B13ED5415EDFBC300214236 /* SystemConfiguration.framework */,
				8B4FBD3915DBFBDD0051AF77 /* MediaPlayer.framework */,
				8B4FBD1515DBFB0E0051AF77 /* UIKit.framework */,
				8B4FBD1715DBFB0E0051AF77 /* Foundation.framework */,
				8B4FBD1915DBFB0E0051AF77 /* CoreGraphics.framework */,
			);
			name = Frameworks;
			sourceTree = "<group>";
		};
		8B4FBD1B15DBFB0E0051AF77 /* VideoStreamingTest */ = {
			isa = PBXGroup;
			children = (
				D17B8322160F2BB100656815 /* Resources */,
				8B4FBD3215DBFB1C0051AF77 /* VideoViewController.h */,
				8B4FBD3315DBFB1C0051AF77 /* VideoViewController.m */,
				8B4FBD3415DBFB1C0051AF77 /* VideoViewController.xib */,
				8B4FBD2415DBFB0E0051AF77 /* AppDelegate.h */,
				8B4FBD2515DBFB0E0051AF77 /* AppDelegate.m */,
				8B4FBD1C15DBFB0E0051AF77 /* Supporting Files */,
			);
			path = VideoStreamingTest;
			sourceTree = "<group>";
		};
		8B4FBD1C15DBFB0E0051AF77 /* Supporting Files */ = {
			isa = PBXGroup;
			children = (
				8B4FBD1D15DBFB0E0051AF77 /* VideoStreamingTest-Info.plist */,
				8B4FBD1E15DBFB0E0051AF77 /* InfoPlist.strings */,
				8B4FBD2115DBFB0E0051AF77 /* main.m */,
				8B4FBD2315DBFB0E0051AF77 /* VideoStreamingTest-Prefix.pch */,
			);
			name = "Supporting Files";
			sourceTree = "<group>";
		};
		D17B8322160F2BB100656815 /* Resources */ = {
			isa = PBXGroup;
			children = (
				D114EF0316A1BCDC003DCDCE /* cocos2d.png */,
				D1E4F7231647F4F100668027 /* Default-568h@2x.png */,
				D1E4F7241647F4F100668027 /* Default.png */,
				D1E4F7251647F4F100668027 /* Default@2x.png */,
			);
			path = Resources;
			sourceTree = "<group>";
		};
		D1E3D79016C255F100E88F2E /* SeedrSDK */ = {
			isa = PBXGroup;
			children = (
				D1E3D79116C2560C00E88F2E /* include */,
				D1E3D79316C2560C00E88F2E /* libSeedr.a */,
				D1E3D79416C2560C00E88F2E /* SeedrResources.bundle */,
			);
			path = SeedrSDK;
			sourceTree = "<group>";
		};
		D1E3D79116C2560C00E88F2E /* include */ = {
			isa = PBXGroup;
			children = (
				D1E3D79216C2560C00E88F2E /* Seedr.h */,
			);
			path = include;
			sourceTree = "<group>";
		};
/* End PBXGroup section */

/* Begin PBXNativeTarget section */
		8B4FBD1015DBFB0E0051AF77 /* VideoStreamingTest */ = {
			isa = PBXNativeTarget;
			buildConfigurationList = 8B4FBD2F15DBFB0E0051AF77 /* Build configuration list for PBXNativeTarget "VideoStreamingTest" */;
			buildPhases = (
				8B4FBD0D15DBFB0E0051AF77 /* Sources */,
				8B4FBD0E15DBFB0E0051AF77 /* Frameworks */,
				8B4FBD0F15DBFB0E0051AF77 /* Resources */,
			);
			buildRules = (
			);
			dependencies = (
			);
			name = VideoStreamingTest;
			productName = VideoStreamingTest;
			productReference = 8B4FBD1115DBFB0E0051AF77 /* VideoStreamingTest.app */;
			productType = "com.apple.product-type.application";
		};
/* End PBXNativeTarget section */

/* Begin PBXProject section */
		8B4FBD0815DBFB0E0051AF77 /* Project object */ = {
			isa = PBXProject;
			attributes = {
				LastUpgradeCheck = 0430;
			};
			buildConfigurationList = 8B4FBD0B15DBFB0E0051AF77 /* Build configuration list for PBXProject "VideoStreamingTest" */;
			compatibilityVersion = "Xcode 3.2";
			developmentRegion = English;
			hasScannedForEncodings = 0;
			knownRegions = (
				en,
			);
			mainGroup = 8B4FBD0615DBFB0E0051AF77;
			productRefGroup = 8B4FBD1215DBFB0E0051AF77 /* Products */;
			projectDirPath = "";
			projectRoot = "";
			targets = (
				8B4FBD1015DBFB0E0051AF77 /* VideoStreamingTest */,
			);
		};
/* End PBXProject section */

/* Begin PBXResourcesBuildPhase section */
		8B4FBD0F15DBFB0E0051AF77 /* Resources */ = {
			isa = PBXResourcesBuildPhase;
			buildActionMask = 2147483647;
			files = (
				8B4FBD2015DBFB0E0051AF77 /* InfoPlist.strings in Resources */,
				8B4FBD3C15DBFC2E0051AF77 /* VideoViewController.xib in Resources */,
				D1E4F7261647F4F100668027 /* Default-568h@2x.png in Resources */,
				D1E4F7271647F4F100668027 /* Default.png in Resources */,
				D1E4F7281647F4F100668027 /* Default@2x.png in Resources */,
				D114EF0416A1BCDC003DCDCE /* cocos2d.png in Resources */,
				D1E3D79616C2560C00E88F2E /* SeedrResources.bundle in Resources */,
			);
			runOnlyForDeploymentPostprocessing = 0;
		};
/* End PBXResourcesBuildPhase section */

/* Begin PBXSourcesBuildPhase section */
		8B4FBD0D15DBFB0E0051AF77 /* Sources */ = {
			isa = PBXSourcesBuildPhase;
			buildActionMask = 2147483647;
			files = (
				8B4FBD2215DBFB0E0051AF77 /* main.m in Sources */,
				8B4FBD2615DBFB0E0051AF77 /* AppDelegate.m in Sources */,
				8B4FBD3B15DBFC290051AF77 /* VideoViewController.m in Sources */,
			);
			runOnlyForDeploymentPostprocessing = 0;
		};
/* End PBXSourcesBuildPhase section */

/* Begin PBXVariantGroup section */
		8B4FBD1E15DBFB0E0051AF77 /* InfoPlist.strings */ = {
			isa = PBXVariantGroup;
			children = (
				8B4FBD1F15DBFB0E0051AF77 /* en */,
			);
			name = InfoPlist.strings;
			sourceTree = "<group>";
		};
/* End PBXVariantGroup section */

/* Begin XCBuildConfiguration section */
		8B4FBD2D15DBFB0E0051AF77 /* Debug */ = {
			isa = XCBuildConfiguration;
			buildSettings = {
				ALWAYS_SEARCH_USER_PATHS = NO;
				ARCHS = "$(ARCHS_STANDARD_32_BIT)";
				"CODE_SIGN_IDENTITY[sdk=iphoneos*]" = "iPhone Developer";
				COPY_PHASE_STRIP = NO;
				GCC_C_LANGUAGE_STANDARD = gnu99;
				GCC_DYNAMIC_NO_PIC = NO;
				GCC_OPTIMIZATION_LEVEL = 0;
				GCC_PREPROCESSOR_DEFINITIONS = (
					"DEBUG=1",
					"$(inherited)",
				);
				GCC_SYMBOLS_PRIVATE_EXTERN = NO;
				GCC_VERSION = com.apple.compilers.llvm.clang.1_0;
				GCC_WARN_ABOUT_RETURN_TYPE = YES;
				GCC_WARN_UNINITIALIZED_AUTOS = YES;
				GCC_WARN_UNUSED_VARIABLE = YES;
				IPHONEOS_DEPLOYMENT_TARGET = 5.1;
				SDKROOT = iphoneos;
				TARGETED_DEVICE_FAMILY = 2;
			};
			name = Debug;
		};
		8B4FBD2E15DBFB0E0051AF77 /* Release */ = {
			isa = XCBuildConfiguration;
			buildSettings = {
				ALWAYS_SEARCH_USER_PATHS = NO;
				ARCHS = "$(ARCHS_STANDARD_32_BIT)";
				"CODE_SIGN_IDENTITY[sdk=iphoneos*]" = "iPhone Developer";
				COPY_PHASE_STRIP = YES;
				GCC_C_LANGUAGE_STANDARD = gnu99;
				GCC_VERSION = com.apple.compilers.llvm.clang.1_0;
				GCC_WARN_ABOUT_RETURN_TYPE = YES;
				GCC_WARN_UNINITIALIZED_AUTOS = YES;
				GCC_WARN_UNUSED_VARIABLE = YES;
				IPHONEOS_DEPLOYMENT_TARGET = 5.1;
				OTHER_CFLAGS = "-DNS_BLOCK_ASSERTIONS=1";
				SDKROOT = iphoneos;
				TARGETED_DEVICE_FAMILY = 2;
				VALIDATE_PRODUCT = YES;
			};
			name = Release;
		};
		8B4FBD3015DBFB0E0051AF77 /* Debug */ = {
			isa = XCBuildConfiguration;
			buildSettings = {
				CODE_SIGN_IDENTITY = "iPhone Developer: Глеб Burov (5H2G7Z2HTC)";
				"CODE_SIGN_IDENTITY[sdk=iphoneos*]" = "iPhone Developer: Глеб Burov (5H2G7Z2HTC)";
				GCC_PRECOMPILE_PREFIX_HEADER = YES;
				GCC_PREFIX_HEADER = "VideoStreamingTest/VideoStreamingTest-Prefix.pch";
				HEADER_SEARCH_PATHS = "\"$(SRCROOT)/Seedr/Seedr\"";
				INFOPLIST_FILE = "VideoStreamingTest/VideoStreamingTest-Info.plist";
				IPHONEOS_DEPLOYMENT_TARGET = 5.0;
				LIBRARY_SEARCH_PATHS = (
					"$(inherited)",
					"\"$(SRCROOT)\"",
					"\"$(SRCROOT)/Flurry\"",
					"\"$(SRCROOT)/SeedrSDK\"",
				);
				PRODUCT_NAME = VideoStreamingTest;
				PROVISIONING_PROFILE = "593D17BF-8E0E-4F07-B28C-2A97BA13A8A0";
				"PROVISIONING_PROFILE[sdk=iphoneos*]" = "593D17BF-8E0E-4F07-B28C-2A97BA13A8A0";
				TARGETED_DEVICE_FAMILY = 1;
				WRAPPER_EXTENSION = app;
			};
			name = Debug;
		};
		8B4FBD3115DBFB0E0051AF77 /* Release */ = {
			isa = XCBuildConfiguration;
			buildSettings = {
				CODE_SIGN_IDENTITY = "iPhone Developer: Глеб Burov (5H2G7Z2HTC)";
				"CODE_SIGN_IDENTITY[sdk=iphoneos*]" = "iPhone Developer: Глеб Burov (5H2G7Z2HTC)";
				GCC_PRECOMPILE_PREFIX_HEADER = YES;
				GCC_PREFIX_HEADER = "VideoStreamingTest/VideoStreamingTest-Prefix.pch";
				HEADER_SEARCH_PATHS = "\"$(SRCROOT)/Seedr/Seedr\"";
				INFOPLIST_FILE = "VideoStreamingTest/VideoStreamingTest-Info.plist";
				IPHONEOS_DEPLOYMENT_TARGET = 5.0;
				LIBRARY_SEARCH_PATHS = (
					"$(inherited)",
					"\"$(SRCROOT)\"",
					"\"$(SRCROOT)/Flurry\"",
					"\"$(SRCROOT)/SeedrSDK\"",
				);
				PRODUCT_NAME = VideoStreamingTest;
				PROVISIONING_PROFILE = "593D17BF-8E0E-4F07-B28C-2A97BA13A8A0";
				"PROVISIONING_PROFILE[sdk=iphoneos*]" = "593D17BF-8E0E-4F07-B28C-2A97BA13A8A0";
				TARGETED_DEVICE_FAMILY = 1;
				WRAPPER_EXTENSION = app;
			};
			name = Release;
		};
/* End XCBuildConfiguration section */

/* Begin XCConfigurationList section */
		8B4FBD0B15DBFB0E0051AF77 /* Build configuration list for PBXProject "VideoStreamingTest" */ = {
			isa = XCConfigurationList;
			buildConfigurations = (
				8B4FBD2D15DBFB0E0051AF77 /* Debug */,
				8B4FBD2E15DBFB0E0051AF77 /* Release */,
			);
			defaultConfigurationIsVisible = 0;
			defaultConfigurationName = Release;
		};
		8B4FBD2F15DBFB0E0051AF77 /* Build configuration list for PBXNativeTarget "VideoStreamingTest" */ = {
			isa = XCConfigurationList;
			buildConfigurations = (
				8B4FBD3015DBFB0E0051AF77 /* Debug */,
				8B4FBD3115DBFB0E0051AF77 /* Release */,
			);
			defaultConfigurationIsVisible = 0;
			defaultConfigurationName = Release;
		};
/* End XCConfigurationList section */
	};
	rootObject = 8B4FBD0815DBFB0E0051AF77 /* Project object */;
}
